// !$*UTF8*$!
{
	archiveVersion = 1;
	classes = {
	};
	objectVersion = 56;
	objects = {

/* Begin PBXBuildFile section */
		9EBF26B129E7C0CB00BF0564 /* FiveImageTodayApp.swift in Sources */ = {isa = PBXBuildFile; fileRef = 9EBF26B029E7C0CB00BF0564 /* FiveImageTodayApp.swift */; };
		9EBF26B329E7C0CB00BF0564 /* ContentView.swift in Sources */ = {isa = PBXBuildFile; fileRef = 9EBF26B229E7C0CB00BF0564 /* ContentView.swift */; };
		9EBF26B529E7C0CD00BF0564 /* Assets.xcassets in Resources */ = {isa = PBXBuildFile; fileRef = 9EBF26B429E7C0CD00BF0564 /* Assets.xcassets */; };
		9EBF26B829E7C0CD00BF0564 /* Preview Assets.xcassets in Resources */ = {isa = PBXBuildFile; fileRef = 9EBF26B729E7C0CD00BF0564 /* Preview Assets.xcassets */; };
		9EBF26C129E7C1A100BF0564 /* ImageCard.swift in Sources */ = {isa = PBXBuildFile; fileRef = 9EBF26C029E7C1A100BF0564 /* ImageCard.swift */; };
		9EBF26C329E7C1AF00BF0564 /* Home.swift in Sources */ = {isa = PBXBuildFile; fileRef = 9EBF26C229E7C1AF00BF0564 /* Home.swift */; };
/* End PBXBuildFile section */

/* Begin PBXFileReference section */
		9EBF26AD29E7C0CB00BF0564 /* FiveImageToday.app */ = {isa = PBXFileReference; explicitFileType = wrapper.application; includeInIndex = 0; path = FiveImageToday.app; sourceTree = BUILT_PRODUCTS_DIR; };
		9EBF26B029E7C0CB00BF0564 /* FiveImageTodayApp.swift */ = {isa = PBXFileReference; lastKnownFileType = sourcecode.swift; path = FiveImageTodayApp.swift; sourceTree = "<group>"; };
		9EBF26B229E7C0CB00BF0564 /* ContentView.swift */ = {isa = PBXFileReference; lastKnownFileType = sourcecode.swift; path = ContentView.swift; sourceTree = "<group>"; };
		9EBF26B429E7C0CD00BF0564 /* Assets.xcassets */ = {isa = PBXFileReference; lastKnownFileType = folder.assetcatalog; path = Assets.xcassets; sourceTree = "<group>"; };
		9EBF26B729E7C0CD00BF0564 /* Preview Assets.xcassets */ = {isa = PBXFileReference; lastKnownFileType = folder.assetcatalog; path = "Preview Assets.xcassets"; sourceTree = "<group>"; };
		9EBF26C029E7C1A100BF0564 /* ImageCard.swift */ = {isa = PBXFileReference; lastKnownFileType = sourcecode.swift; path = ImageCard.swift; sourceTree = "<group>"; };
		9EBF26C229E7C1AF00BF0564 /* Home.swift */ = {isa = PBXFileReference; lastKnownFileType = sourcecode.swift; path = Home.swift; sourceTree = "<group>"; };
/* End PBXFileReference section */

/* Begin PBXFrameworksBuildPhase section */
		9EBF26AA29E7C0CB00BF0564 /* Frameworks */ = {
			isa = PBXFrameworksBuildPhase;
			buildActionMask = 2147483647;
			files = (
			);
			runOnlyForDeploymentPostprocessing = 0;
		};
/* End PBXFrameworksBuildPhase section */

/* Begin PBXGroup section */
		9EBF26A429E7C0CB00BF0564 = {
			isa = PBXGroup;
			children = (
				9EBF26AF29E7C0CB00BF0564 /* FiveImageToday */,
				9EBF26AE29E7C0CB00BF0564 /* Products */,
			);
			sourceTree = "<group>";
		};
		9EBF26AE29E7C0CB00BF0564 /* Products */ = {
			isa = PBXGroup;
			children = (
				9EBF26AD29E7C0CB00BF0564 /* FiveImageToday.app */,
			);
			name = Products;
			sourceTree = "<group>";
		};
		9EBF26AF29E7C0CB00BF0564 /* FiveImageToday */ = {
			isa = PBXGroup;
			children = (
				9EBF26BF29E7C18F00BF0564 /* Models */,
				9EBF26BE29E7C18500BF0564 /* Views */,
				9EBF26B029E7C0CB00BF0564 /* FiveImageTodayApp.swift */,
				9EBF26B229E7C0CB00BF0564 /* ContentView.swift */,
				9EBF26B429E7C0CD00BF0564 /* Assets.xcassets */,
				9EBF26B629E7C0CD00BF0564 /* Preview Content */,
			);
			path = FiveImageToday;
			sourceTree = "<group>";
		};
		9EBF26B629E7C0CD00BF0564 /* Preview Content */ = {
			isa = PBXGroup;
			children = (
				9EBF26B729E7C0CD00BF0564 /* Preview Assets.xcassets */,
			);
			path = "Preview Content";
			sourceTree = "<group>";
		};
		9EBF26BE29E7C18500BF0564 /* Views */ = {
			isa = PBXGroup;
			children = (
				9EBF26C229E7C1AF00BF0564 /* Home.swift */,
			);
			path = Views;
			sourceTree = "<group>";
		};
		9EBF26BF29E7C18F00BF0564 /* Models */ = {
			isa = PBXGroup;
			children = (
				9EBF26C029E7C1A100BF0564 /* ImageCard.swift */,
			);
			path = Models;
			sourceTree = "<group>";
		};
/* End PBXGroup section */

/* Begin PBXNativeTarget section */
		9EBF26AC29E7C0CB00BF0564 /* FiveImageToday */ = {
			isa = PBXNativeTarget;
			buildConfigurationList = 9EBF26BB29E7C0CD00BF0564 /* Build configuration list for PBXNativeTarget "FiveImageToday" */;
			buildPhases = (
				9EBF26A929E7C0CB00BF0564 /* Sources */,
				9EBF26AA29E7C0CB00BF0564 /* Frameworks */,
				9EBF26AB29E7C0CB00BF0564 /* Resources */,
			);
			buildRules = (
			);
			dependencies = (
			);
			name = FiveImageToday;
			productName = FiveImageToday;
			productReference = 9EBF26AD29E7C0CB00BF0564 /* FiveImageToday.app */;
			productType = "com.apple.product-type.application";
		};
/* End PBXNativeTarget section */

/* Begin PBXProject section */
		9EBF26A529E7C0CB00BF0564 /* Project object */ = {
			isa = PBXProject;
			attributes = {
				BuildIndependentTargetsInParallel = 1;
				LastSwiftUpdateCheck = 1420;
				LastUpgradeCheck = 1420;
				TargetAttributes = {
					9EBF26AC29E7C0CB00BF0564 = {
						CreatedOnToolsVersion = 14.2;
					};
				};
			};
			buildConfigurationList = 9EBF26A829E7C0CB00BF0564 /* Build configuration list for PBXProject "FiveImageToday" */;
			compatibilityVersion = "Xcode 14.0";
			developmentRegion = en;
			hasScannedForEncodings = 0;
			knownRegions = (
				en,
				Base,
			);
			mainGroup = 9EBF26A429E7C0CB00BF0564;
			productRefGroup = 9EBF26AE29E7C0CB00BF0564 /* Products */;
			projectDirPath = "";
			projectRoot = "";
			targets = (
				9EBF26AC29E7C0CB00BF0564 /* FiveImageToday */,
			);
		};
/* End PBXProject section */

/* Begin PBXResourcesBuildPhase section */
		9EBF26AB29E7C0CB00BF0564 /* Resources */ = {
			isa = PBXResourcesBuildPhase;
			buildActionMask = 2147483647;
			files = (
				9EBF26B829E7C0CD00BF0564 /* Preview Assets.xcassets in Resources */,
				9EBF26B529E7C0CD00BF0564 /* Assets.xcassets in Resources */,
			);
			runOnlyForDeploymentPostprocessing = 0;
		};
/* End PBXResourcesBuildPhase section */

/* Begin PBXSourcesBuildPhase section */
		9EBF26A929E7C0CB00BF0564 /* Sources */ = {
			isa = PBXSourcesBuildPhase;
			buildActionMask = 2147483647;
			files = (
				9EBF26B329E7C0CB00BF0564 /* ContentView.swift in Sources */,
				9EBF26C129E7C1A100BF0564 /* ImageCard.swift in Sources */,
				9EBF26C329E7C1AF00BF0564 /* Home.swift in Sources */,
				9EBF26B129E7C0CB00BF0564 /* FiveImageTodayApp.swift in Sources */,
			);
			runOnlyForDeploymentPostprocessing = 0;
		};
/* End PBXSourcesBuildPhase section */

/* Begin XCBuildConfiguration section */
		9EBF26B929E7C0CD00BF0564 /* Debug */ = {
			isa = XCBuildConfiguration;
			buildSettings = {
				ALWAYS_SEARCH_USER_PATHS = NO;
				CLANG_ANALYZER_NONNULL = YES;
				CLANG_ANALYZER_NUMBER_OBJECT_CONVERSION = YES_AGGRESSIVE;
				CLANG_CXX_LANGUAGE_STANDARD = "gnu++20";
				CLANG_ENABLE_MODULES = YES;
				CLANG_ENABLE_OBJC_ARC = YES;
				CLANG_ENABLE_OBJC_WEAK = YES;
				CLANG_WARN_BLOCK_CAPTURE_AUTORELEASING = YES;
				CLANG_WARN_BOOL_CONVERSION = YES;
				CLANG_WARN_COMMA = YES;
				CLANG_WARN_CONSTANT_CONVERSION = YES;
				CLANG_WARN_DEPRECATED_OBJC_IMPLEMENTATIONS = YES;
				CLANG_WARN_DIRECT_OBJC_ISA_USAGE = YES_ERROR;
				CLANG_WARN_DOCUMENTATION_COMMENTS = YES;
				CLANG_WARN_EMPTY_BODY = YES;
				CLANG_WARN_ENUM_CONVERSION = YES;
				CLANG_WARN_INFINITE_RECURSION = YES;
				CLANG_WARN_INT_CONVERSION = YES;
				CLANG_WARN_NON_LITERAL_NULL_CONVERSION = YES;
				CLANG_WARN_OBJC_IMPLICIT_RETAIN_SELF = YES;
				CLANG_WARN_OBJC_LITERAL_CONVERSION = YES;
				CLANG_WARN_OBJC_ROOT_CLASS = YES_ERROR;
				CLANG_WARN_QUOTED_INCLUDE_IN_FRAMEWORK_HEADER = YES;
				CLANG_WARN_RANGE_LOOP_ANALYSIS = YES;
				CLANG_WARN_STRICT_PROTOTYPES = YES;
				CLANG_WARN_SUSPICIOUS_MOVE = YES;
				CLANG_WARN_UNGUARDED_AVAILABILITY = YES_AGGRESSIVE;
				CLANG_WARN_UNREACHABLE_CODE = YES;
				CLANG_WARN__DUPLICATE_METHOD_MATCH = YES;
				COPY_PHASE_STRIP = NO;
				DEBUG_INFORMATION_FORMAT = dwarf;
				ENABLE_STRICT_OBJC_MSGSEND = YES;
				ENABLE_TESTABILITY = YES;
				GCC_C_LANGUAGE_STANDARD = gnu11;
				GCC_DYNAMIC_NO_PIC = NO;
				GCC_NO_COMMON_BLOCKS = YES;
				GCC_OPTIMIZATION_LEVEL = 0;
				GCC_PREPROCESSOR_DEFINITIONS = (
					"DEBUG=1",
					"$(inherited)",
				);
				GCC_WARN_64_TO_32_BIT_CONVERSION = YES;
				GCC_WARN_ABOUT_RETURN_TYPE = YES_ERROR;
				GCC_WARN_UNDECLARED_SELECTOR = YES;
				GCC_WARN_UNINITIALIZED_AUTOS = YES_AGGRESSIVE;
				GCC_WARN_UNUSED_FUNCTION = YES;
				GCC_WARN_UNUSED_VARIABLE = YES;
				IPHONEOS_DEPLOYMENT_TARGET = 16.2;
				MTL_ENABLE_DEBUG_INFO = INCLUDE_SOURCE;
				MTL_FAST_MATH = YES;
				ONLY_ACTIVE_ARCH = YES;
				SDKROOT = iphoneos;
				SWIFT_ACTIVE_COMPILATION_CONDITIONS = DEBUG;
				SWIFT_OPTIMIZATION_LEVEL = "-Onone";
			};
			name = Debug;
		};
		9EBF26BA29E7C0CD00BF0564 /* Release */ = {
			isa = XCBuildConfiguration;
			buildSettings = {
				ALWAYS_SEARCH_USER_PATHS = NO;
				CLANG_ANALYZER_NONNULL = YES;
				CLANG_ANALYZER_NUMBER_OBJECT_CONVERSION = YES_AGGRESSIVE;
				CLANG_CXX_LANGUAGE_STANDARD = "gnu++20";
				CLANG_ENABLE_MODULES = YES;
				CLANG_ENABLE_OBJC_ARC = YES;
				CLANG_ENABLE_OBJC_WEAK = YES;
				CLANG_WARN_BLOCK_CAPTURE_AUTORELEASING = YES;
				CLANG_WARN_BOOL_CONVERSION = YES;
				CLANG_WARN_COMMA = YES;
				CLANG_WARN_CONSTANT_CONVERSION = YES;
				CLANG_WARN_DEPRECATED_OBJC_IMPLEMENTATIONS = YES;
				CLANG_WARN_DIRECT_OBJC_ISA_USAGE = YES_ERROR;
				CLANG_WARN_DOCUMENTATION_COMMENTS = YES;
				CLANG_WARN_EMPTY_BODY = YES;
				CLANG_WARN_ENUM_CONVERSION = YES;
				CLANG_WARN_INFINITE_RECURSION = YES;
				CLANG_WARN_INT_CONVERSION = YES;
				CLANG_WARN_NON_LITERAL_NULL_CONVERSION = YES;
				CLANG_WARN_OBJC_IMPLICIT_RETAIN_SELF = YES;
				CLANG_WARN_OBJC_LITERAL_CONVERSION = YES;
				CLANG_WARN_OBJC_ROOT_CLASS = YES_ERROR;
				CLANG_WARN_QUOTED_INCLUDE_IN_FRAMEWORK_HEADER = YES;
				CLANG_WARN_RANGE_LOOP_ANALYSIS = YES;
				CLANG_WARN_STRICT_PROTOTYPES = YES;
				CLANG_WARN_SUSPICIOUS_MOVE = YES;
				CLANG_WARN_UNGUARDED_AVAILABILITY = YES_AGGRESSIVE;
				CLANG_WARN_UNREACHABLE_CODE = YES;
				CLANG_WARN__DUPLICATE_METHOD_MATCH = YES;
				COPY_PHASE_STRIP = NO;
				DEBUG_INFORMATION_FORMAT = "dwarf-with-dsym";
				ENABLE_NS_ASSERTIONS = NO;
				ENABLE_STRICT_OBJC_MSGSEND = YES;
				GCC_C_LANGUAGE_STANDARD = gnu11;
				GCC_NO_COMMON_BLOCKS = YES;
				GCC_WARN_64_TO_32_BIT_CONVERSION = YES;
				GCC_WARN_ABOUT_RETURN_TYPE = YES_ERROR;
				GCC_WARN_UNDECLARED_SELECTOR = YES;
				GCC_WARN_UNINITIALIZED_AUTOS = YES_AGGRESSIVE;
				GCC_WARN_UNUSED_FUNCTION = YES;
				GCC_WARN_UNUSED_VARIABLE = YES;
				IPHONEOS_DEPLOYMENT_TARGET = 16.2;
				MTL_ENABLE_DEBUG_INFO = NO;
				MTL_FAST_MATH = YES;
				SDKROOT = iphoneos;
				SWIFT_COMPILATION_MODE = wholemodule;
				SWIFT_OPTIMIZATION_LEVEL = "-O";
				VALIDATE_PRODUCT = YES;
			};
			name = Release;
		};
		9EBF26BC29E7C0CD00BF0564 /* Debug */ = {
			isa = XCBuildConfiguration;
			buildSettings = {
				ASSETCATALOG_COMPILER_APPICON_NAME = AppIcon;
				ASSETCATALOG_COMPILER_GLOBAL_ACCENT_COLOR_NAME = AccentColor;
				CODE_SIGN_STYLE = Automatic;
				CURRENT_PROJECT_VERSION = 1;
				DEVELOPMENT_ASSET_PATHS = "\"FiveImageToday/Preview Content\"";
				DEVELOPMENT_TEAM = 5XZQ8776YN;
				ENABLE_PREVIEWS = YES;
				GENERATE_INFOPLIST_FILE = YES;
				INFOPLIST_KEY_UIApplicationSceneManifest_Generation = YES;
				INFOPLIST_KEY_UIApplicationSupportsIndirectInputEvents = YES;
				INFOPLIST_KEY_UILaunchScreen_Generation = YES;
				INFOPLIST_KEY_UISupportedInterfaceOrientations_iPad = "UIInterfaceOrientationPortrait UIInterfaceOrientationPortraitUpsideDown UIInterfaceOrientationLandscapeLeft UIInterfaceOrientationLandscapeRight";
				INFOPLIST_KEY_UISupportedInterfaceOrientations_iPhone = "UIInterfaceOrientationPortrait UIInterfaceOrientationLandscapeLeft UIInterfaceOrientationLandscapeRight";
				LD_RUNPATH_SEARCH_PATHS = (
					"$(inherited)",
					"@executable_path/Frameworks",
				);
				MARKETING_VERSION = 1.0;
				PRODUCT_BUNDLE_IDENTIFIER = com.yankchina.FiveImageToday;
				PRODUCT_NAME = "$(TARGET_NAME)";
				SWIFT_EMIT_LOC_STRINGS = YES;
				SWIFT_VERSION = 5.0;
				TARGETED_DEVICE_FAMILY = "1,2";
			};
			name = Debug;
		};
		9EBF26BD29E7C0CD00BF0564 /* Release */ = {
			isa = XCBuildConfiguration;
			buildSettings = {
				ASSETCATALOG_COMPILER_APPICON_NAME = AppIcon;
				ASSETCATALOG_COMPILER_GLOBAL_ACCENT_COLOR_NAME = AccentColor;
				CODE_SIGN_STYLE = Automatic;
				CURRENT_PROJECT_VERSION = 1;
				DEVELOPMENT_ASSET_PATHS = "\"FiveImageToday/Preview Content\"";
				DEVELOPMENT_TEAM = 5XZQ8776YN;
				ENABLE_PREVIEWS = YES;
				GENERATE_INFOPLIST_FILE = YES;
				INFOPLIST_KEY_UIApplicationSceneManifest_Generation = YES;
				INFOPLIST_KEY_UIApplicationSupportsIndirectInputEvents = YES;
				INFOPLIST_KEY_UILaunchScreen_Generation = YES;
				INFOPLIST_KEY_UISupportedInterfaceOrientations_iPad = "UIInterfaceOrientationPortrait UIInterfaceOrientationPortraitUpsideDown UIInterfaceOrientationLandscapeLeft UIInterfaceOrientationLandscapeRight";
				INFOPLIST_KEY_UISupportedInterfaceOrientations_iPhone = "UIInterfaceOrientationPortrait UIInterfaceOrientationLandscapeLeft UIInterfaceOrientationLandscapeRight";
				LD_RUNPATH_SEARCH_PATHS = (
					"$(inherited)",
					"@executable_path/Frameworks",
				);
				MARKETING_VERSION = 1.0;
				PRODUCT_BUNDLE_IDENTIFIER = com.yankchina.FiveImageToday;
				PRODUCT_NAME = "$(TARGET_NAME)";
				SWIFT_EMIT_LOC_STRINGS = YES;
				SWIFT_VERSION = 5.0;
				TARGETED_DEVICE_FAMILY = "1,2";
			};
			name = Release;
		};
/* End XCBuildConfiguration section */

/* Begin XCConfigurationList section */
		9EBF26A829E7C0CB00BF0564 /* Build configuration list for PBXProject "FiveImageToday" */ = {
			isa = XCConfigurationList;
			buildConfigurations = (
				9EBF26B929E7C0CD00BF0564 /* Debug */,
				9EBF26BA29E7C0CD00BF0564 /* Release */,
			);
			defaultConfigurationIsVisible = 0;
			defaultConfigurationName = Release;
		};
		9EBF26BB29E7C0CD00BF0564 /* Build configuration list for PBXNativeTarget "FiveImageToday" */ = {
			isa = XCConfigurationList;
			buildConfigurations = (
				9EBF26BC29E7C0CD00BF0564 /* Debug */,
				9EBF26BD29E7C0CD00BF0564 /* Release */,
			);
			defaultConfigurationIsVisible = 0;
			defaultConfigurationName = Release;
		};
/* End XCConfigurationList section */
	};
	rootObject = 9EBF26A529E7C0CB00BF0564 /* Project object */;
}
